{
  "originHash" : "b69a02abb38181a4621fc2a1e106ed046b47f859cadc3930165870c358676e90",
  "pins" : [
    {
      "identity" : "sifliocore",
      "kind" : "remoteSourceControl",
      "location" : "https://github.com/OpenSiFli/SifliOCore.git",
      "state" : {
        "revision" : "8e071fdfeb9ee838d70a4e1f7b397e088c2a5ac6",
        "version" : "1.0.11"
      }
    },
    {
      "identity" : "sifliotamanagersdk",
      "kind" : "remoteSourceControl",
      "location" : "https://github.com/OpenSiFli/SifliOTAManagerSDK.git",
      "state" : {
        "revision" : "1463a9ba706eb261072c0329301a209856232355",
        "version" : "1.3.1"
      }
    },
    {
      "identity" : "sifliotasdk_ios",
      "kind" : "remoteSourceControl",
      "location" : "https://github.com/OpenSiFli/SifliOtaSDK_iOS.git",
      "state" : {
        "revision" : "79323e8da1435fc325f3c15bff506ee8d4a7cf01",
        "version" : "3.1.8"
      }
    },
    {
      "identity" : "zipfoundation",
      "kind" : "remoteSourceControl",
      "location" : "https://github.com/weichsel/ZIPFoundation.git",
      "state" : {
        "revision" : "22787ffb59de99e5dc1fbfe80b19c97a904ad48d",
        "version" : "0.9.20"
      }
    }
  ],
  "version" : 3
}
